{
  "version": 4,
  "terraform_version": "1.16.2",
  "serial": 29,
  "lineage": "10ea21fd-5c58-2c64-4ff4-24cbc3608ea7",
  "outputs": {
    "private_dns": {
      "value": {
        "cloud-core": "ip-172-31-89-143.ec2.internal",
        "edge": "ip-172-31-81-76.ec2.internal",
        "simulator": "ip-172-31-92-14.ec2.internal",
        "workers": "ip-172-31-94-222.ec2.internal"
      },
      "type": [
        "object",
        {
          "cloud-core": "string",
          "edge": "string",
          "simulator": "string",
          "workers": "string"
        }
      ]
    },
    "private_ips": {
      "value": {
        "cloud-core": "172.31.89.143",
        "edge": "172.31.81.76",
        "simulator": "172.31.92.14",
        "workers": "172.31.94.222"
      },
      "type": [
        "object",
        {
          "cloud-core": "string",
          "edge": "string",
          "simulator": "string",
          "workers": "string"
        }
      ]
    },
    "public_ips": {
      "value": {
        "cloud-core": "98.93.187.191",
        "edge": "34.205.33.96",
        "simulator": "3.82.157.106",
        "workers": "3.88.19.11"
      },
      "type": [
        "object",
        {
          "cloud-core": "string",
          "edge": "string",
          "simulator": "string",
          "workers": "string"
        }
      ]
    },
    "rds_connection": {
      "value": {
        "database": "continuum",
        "host": "continuum-global-20260913162536311600000007.chlkj1atg2l1.us-east-1.rds.amazonaws.com",
        "port": 5432,
        "username": "continuum_admin"
      },
      "type": [
        "object",
        {
          "database": "string",
          "host": "string",
          "port": "number",
          "username": "string"
        }
      ]
    },
    "rds_endpoint": {
      "value": "continuum-global-20260913162536311600000007.chlkj1atg2l1.us-east-1.rds.amazonaws.com:5432",
      "type": "string"
    },
    "rds_port": {
      "value": 5432,
      "type": "number"
    }
  },
  "resources": [
    {
      "mode": "data",
      "type": "aws_subnet",
      "name": "pilot",
      "provider": "provider[\"registry.terraform.io/hashicorp/aws\"]",
      "instances": [
        {
          "schema_version": 0,
          "attributes": {
            "arn": "arn:aws:ec2:us-east-1:617166695927:subnet/subnet-02dca42218e70700e",
            "assign_ipv6_address_on_creation": false,
            "availability_zone": "us-east-1a",
            "availability_zone_id": "use1-az2",
            "available_ip_address_count": 4086,
            "cidr_block": "172.31.80.0/20",
            "customer_owned_ipv4_pool": "",
            "default_for_az": true,
            "enable_dns64": false,
            "enable_lni_at_device_index": 0,
            "enable_resource_name_dns_a_record_on_launch": false,
            "enable_resource_name_dns_aaaa_record_on_launch": false,
            "filter": null,
            "id": "subnet-02dca42218e70700e",
            "ipv6_cidr_block": "",
            "ipv6_cidr_block_association_id": "",
            "ipv6_native": false,
            "map_customer_owned_ip_on_launch": false,
            "map_public_ip_on_launch": true,
            "outpost_arn": "",
            "owner_id": "617166695927",
            "private_dns_hostname_type_on_launch": "ip-name",
            "state": "available",
            "tags": {},
            "timeouts": null,
            "vpc_id": "vpc-0f3d41f537e57647b"
          },
          "sensitive_attributes": [],
          "identity_schema_version": 0
        }
      ]
    },
    {
      "mode": "data",
      "type": "aws_subnet",
      "name": "rds",
      "provider": "provider[\"registry.terraform.io/hashicorp/aws\"]",
      "instances": [
        {
          "index_key": "us-east-1a",
          "schema_version": 0,
          "attributes": {
            "arn": "arn:aws:ec2:us-east-1:617166695927:subnet/subnet-02dca42218e70700e",
            "assign_ipv6_address_on_creation": false,
            "availability_zone": "us-east-1a",
            "availability_zone_id": "use1-az2",
            "available_ip_address_count": 4086,
            "cidr_block": "172.31.80.0/20",
            "customer_owned_ipv4_pool": "",
            "default_for_az": true,
            "enable_dns64": false,
            "enable_lni_at_device_index": 0,
            "enable_resource_name_dns_a_record_on_launch": false,
            "enable_resource_name_dns_aaaa_record_on_launch": false,
            "filter": null,
            "id": "subnet-02dca42218e70700e",
            "ipv6_cidr_block": "",
            "ipv6_cidr_block_association_id": "",
            "ipv6_native": false,
            "map_customer_owned_ip_on_launch": false,
            "map_public_ip_on_launch": true,
            "outpost_arn": "",
            "owner_id": "617166695927",
            "private_dns_hostname_type_on_launch": "ip-name",
            "state": "available",
            "tags": {},
            "timeouts": null,
            "vpc_id": "vpc-0f3d41f537e57647b"
          },
          "sensitive_attributes": [],
          "identity_schema_version": 0
        },
        {
          "index_key": "us-east-1b",
          "schema_version": 0,
          "attributes": {
            "arn": "arn:aws:ec2:us-east-1:617166695927:subnet/subnet-0ec23203b61e25425",
            "assign_ipv6_address_on_creation": false,
            "availability_zone": "us-east-1b",
            "availability_zone_id": "use1-az4",
            "available_ip_address_count": 4091,
            "cidr_block": "172.31.16.0/20",
            "customer_owned_ipv4_pool": "",
            "default_for_az": true,
            "enable_dns64": false,
            "enable_lni_at_device_index": 0,
            "enable_resource_name_dns_a_record_on_launch": false,
            "enable_resource_name_dns_aaaa_record_on_launch": false,
            "filter": null,
            "id": "subnet-0ec23203b61e25425",
            "ipv6_cidr_block": "",
            "ipv6_cidr_block_association_id": "",
            "ipv6_native": false,
            "map_customer_owned_ip_on_launch": false,
            "map_public_ip_on_launch": true,
            "outpost_arn": "",
            "owner_id": "617166695927",
            "private_dns_hostname_type_on_launch": "ip-name",
            "state": "available",
            "tags": {},
            "timeouts": null,
            "vpc_id": "vpc-0f3d41f537e57647b"
          },
          "sensitive_attributes": [],
          "identity_schema_version": 0
        }
      ]
    },
    {
      "mode": "data",
      "type": "aws_vpc",
      "name": "pilot",
      "provider": "provider[\"registry.terraform.io/hashicorp/aws\"]",
      "instances": [
        {
          "schema_version": 0,
          "attributes": {
            "arn": "arn:aws:ec2:us-east-1:617166695927:vpc/vpc-0f3d41f537e57647b",
            "cidr_block": "172.31.0.0/16",
            "cidr_block_associations": [
              {
                "association_id": "vpc-cidr-assoc-0e63b6ffcece911a9",
                "cidr_block": "172.31.0.0/16",
                "state": "associated"
              }
            ],
            "default": true,
            "dhcp_options_id": "dopt-024383c446644d70c",
            "enable_dns_hostnames": true,
            "enable_dns_support": true,
            "enable_network_address_usage_metrics": false,
            "filter": null,
            "id": "vpc-0f3d41f537e57647b",
            "instance_tenancy": "default",
            "ipv6_association_id": "",
            "ipv6_cidr_block": "",
            "main_route_table_id": "rtb-08e6452816891b0ce",
            "owner_id": "617166695927",
            "state": null,
            "tags": {},
            "timeouts": null
          },
          "sensitive_attributes": [],
          "identity_schema_version": 0
        }
      ]
    },
    {
      "mode": "managed",
      "type": "aws_db_instance",
      "name": "global",
      "provider": "provider[\"registry.terraform.io/hashicorp/aws\"]",
      "instances": [
        {
          "schema_version": 2,
          "attributes": {
            "address": "continuum-global-20260913162536311600000007.chlkj1atg2l1.us-east-1.rds.amazonaws.com",
            "allocated_storage": 20,
            "allow_major_version_upgrade": null,
            "apply_immediately": false,
            "arn": "arn:aws:rds:us-east-1:617166695927:db:continuum-global-20260913162536311600000007",
            "auto_minor_version_upgrade": true,
            "availability_zone": "us-east-1a",
            "backup_retention_period": 1,
            "backup_target": "region",
            "backup_window": "07:24-07:54",
            "blue_green_update": [],
            "ca_cert_identifier": "rds-ca-rsa2048-g1",
            "character_set_name": "",
            "copy_tags_to_snapshot": false,
            "custom_iam_instance_profile": "",
            "customer_owned_ip_enabled": false,
            "database_insights_mode": "standard",
            "db_name": "continuum",
            "db_subnet_group_name": "continuum-global-20260913162533449500000001",
            "dedicated_log_volume": false,
            "delete_automated_backups": true,
            "deletion_protection": true,
            "domain": "",
            "domain_auth_secret_arn": "",
            "domain_dns_ips": [],
            "domain_fqdn": "",
            "domain_iam_role_name": "",
            "domain_ou": "",
            "enabled_cloudwatch_logs_exports": [],
            "endpoint": "continuum-global-20260913162536311600000007.chlkj1atg2l1.us-east-1.rds.amazonaws.com:5432",
            "engine": "postgres",
            "engine_lifecycle_support": "open-source-rds-extended-support",
            "engine_version": "17",
            "engine_version_actual": "17.9",
            "final_snapshot_identifier": "continuum-global-final",
            "hosted_zone_id": "Z2R2ITUGPM61AM",
            "iam_database_authentication_enabled": false,
            "id": "db-WXA4PQOQWQKTAHXWL7MYNBERAM",
            "identifier": "continuum-global-20260913162536311600000007",
            "identifier_prefix": "continuum-global-",
            "instance_class": "db.t3.micro",
            "iops": 3000,
            "kms_key_id": "arn:aws:kms:us-east-1:617166695927:key/a0f28248-21e4-4e98-9c93-a11fa566fc24",
            "latest_restorable_time": "2026-09-14T15:32:00Z",
            "license_model": "postgresql-license",
            "listener_endpoint": [],
            "maintenance_window": "fri:10:00-fri:10:30",
            "manage_master_user_password": null,
            "master_user_secret": [],
            "master_user_secret_kms_key_id": null,
            "max_allocated_storage": 0,
            "monitoring_interval": 0,
            "monitoring_role_arn": "",
            "multi_az": false,
            "nchar_character_set_name": "",
            "network_type": "IPV4",
            "option_group_name": "default:postgres-17",
            "parameter_group_name": "default.postgres17",
            "password": "SISTEMI_DISTRIBUITI",
            "password_wo": null,
            "password_wo_version": null,
            "performance_insights_enabled": false,
            "performance_insights_kms_key_id": "",
            "performance_insights_retention_period": 0,
            "port": 5432,
            "publicly_accessible": false,
            "replica_mode": "",
            "replicas": [],
            "replicate_source_db": "",
            "resource_id": "db-WXA4PQOQWQKTAHXWL7MYNBERAM",
            "restore_to_point_in_time": [],
            "s3_import": [],
            "skip_final_snapshot": false,
            "snapshot_identifier": null,
            "status": "available",
            "storage_encrypted": true,
            "storage_throughput": 125,
            "storage_type": "gp3",
            "tags": {},
            "tags_all": {
              "ManagedBy": "Terraform",
              "Project": "continuum-simulator"
            },
            "timeouts": null,
            "timezone": "",
            "upgrade_storage_config": null,
            "username": "continuum_admin",
            "vpc_security_group_ids": [
              "sg-075fe5fbe3c77c256"
            ]
          },
          "sensitive_attributes": [
            [
              {
                "type": "get_attr",
                "value": "password"
              }
            ],
            [
              {
                "type": "get_attr",
                "value": "password_wo"
              }
            ]
          ],
          "identity_schema_version": 0,
          "private": "eyJlMmJmYjczMC1lY2FhLTExZTYtOGY4OC0zNDM2M2JjN2M0YzAiOnsiY3JlYXRlIjozMDAwMDAwMDAwMDAwLCJkZWxldGUiOjM2MDAwMDAwMDAwMDAsInVwZGF0ZSI6NDgwMDAwMDAwMDAwMH0sInNjaGVtYV92ZXJzaW9uIjoiMiJ9",
          "dependencies": [
            "aws_db_subnet_group.global",
            "aws_security_group.rds",
            "data.aws_subnet.rds",
            "data.aws_vpc.pilot"
          ]
        }
      ]
    },
    {
      "mode": "managed",
      "type": "aws_db_subnet_group",
      "name": "global",
      "provider": "provider[\"registry.terraform.io/hashicorp/aws\"]",
      "instances": [
        {
          "schema_version": 0,
          "attributes": {
            "arn": "arn:aws:rds:us-east-1:617166695927:subgrp:continuum-global-20260913162533449500000001",
            "description": "Managed by Terraform",
            "id": "continuum-global-20260913162533449500000001",
            "name": "continuum-global-20260913162533449500000001",
            "name_prefix": "continuum-global-",
            "subnet_ids": [
              "subnet-02dca42218e70700e",
              "subnet-0ec23203b61e25425"
            ],
            "supported_network_types": [
              "IPV4"
            ],
            "tags": {},
            "tags_all": {
              "ManagedBy": "Terraform",
              "Project": "continuum-simulator"
            },
            "vpc_id": "vpc-0f3d41f537e57647b"
          },
          "sensitive_attributes": [],
          "identity_schema_version": 0,
          "private": "bnVsbA==",
          "dependencies": [
            "data.aws_subnet.rds",
            "data.aws_vpc.pilot"
          ]
        }
      ]
    },
    {
      "mode": "managed",
      "type": "aws_instance",
      "name": "role",
      "provider": "provider[\"registry.terraform.io/hashicorp/aws\"]",
      "instances": [
        {
          "index_key": "cloud-core",
          "schema_version": 1,
          "attributes": {
            "ami": "ami-081b0a6eac00b4f53",
            "arn": "arn:aws:ec2:us-east-1:617166695927:instance/i-0a8b91424d48322bf",
            "associate_public_ip_address": true,
            "availability_zone": "us-east-1a",
            "capacity_reservation_specification": [
              {
                "capacity_reservation_preference": "open",
                "capacity_reservation_target": []
              }
            ],
            "cpu_core_count": 1,
            "cpu_options": [
              {
                "amd_sev_snp": "",
                "core_count": 1,
                "threads_per_core": 2
              }
            ],
            "cpu_threads_per_core": 2,
            "credit_specification": [
              {
                "cpu_credits": "unlimited"
              }
            ],
            "disable_api_stop": false,
            "disable_api_termination": false,
            "ebs_block_device": [],
            "ebs_optimized": false,
            "enable_primary_ipv6": null,
            "enclave_options": [
              {
                "enabled": false
              }
            ],
            "ephemeral_block_device": [],
            "get_password_data": false,
            "hibernation": false,
            "host_id": "",
            "host_resource_group_arn": null,
            "iam_instance_profile": "",
            "id": "i-0a8b91424d48322bf",
            "instance_initiated_shutdown_behavior": "stop",
            "instance_lifecycle": "",
            "instance_market_options": [],
            "instance_state": "running",
            "instance_type": "t3.medium",
            "ipv6_address_count": 0,
            "ipv6_addresses": [],
            "key_name": "chiave-aws-portatile",
            "launch_template": [],
            "maintenance_options": [
              {
                "auto_recovery": "default"
              }
            ],
            "metadata_options": [
              {
                "http_endpoint": "enabled",
                "http_protocol_ipv6": "disabled",
                "http_put_response_hop_limit": 2,
                "http_tokens": "required",
                "instance_metadata_tags": "disabled"
              }
            ],
            "monitoring": false,
            "network_interface": [],
            "outpost_arn": "",
            "password_data": "",
            "placement_group": "",
            "placement_partition_number": 0,
            "primary_network_interface_id": "eni-08c4a18f825a14eee",
            "private_dns": "ip-172-31-89-143.ec2.internal",
            "private_dns_name_options": [
              {
                "enable_resource_name_dns_a_record": false,
                "enable_resource_name_dns_aaaa_record": false,
                "hostname_type": "ip-name"
              }
            ],
            "private_ip": "172.31.89.143",
            "public_dns": "ec2-98-93-187-191.compute-1.amazonaws.com",
            "public_ip": "98.93.187.191",
            "root_block_device": [
              {
                "delete_on_termination": true,
                "device_name": "/dev/xvda",
                "encrypted": true,
                "iops": 3000,
                "kms_key_id": "arn:aws:kms:us-east-1:617166695927:key/ffeaf071-2774-44f1-90c0-239218407fc6",
                "tags": {},
                "tags_all": {},
                "throughput": 125,
                "volume_id": "vol-0b75f8af78e5191f4",
                "volume_size": 20,
                "volume_type": "gp3"
              }
            ],
            "secondary_private_ips": [],
            "security_groups": [
              "continuum-cloud-core-20260913162533458700000003"
            ],
            "source_dest_check": true,
            "spot_instance_request_id": "",
            "subnet_id": "subnet-02dca42218e70700e",
            "tags": {
              "Name": "continuum-cloud-core",
              "Role": "cloud-core"
            },
            "tags_all": {
              "ManagedBy": "Terraform",
              "Name": "continuum-cloud-core",
              "Project": "continuum-simulator",
              "Role": "cloud-core"
            },
            "tenancy": "default",
            "timeouts": null,
            "user_data": "97846976deb11e5733d7fc7ef51bd67d76dbf0aa",
            "user_data_base64": null,
            "user_data_replace_on_change": true,
            "volume_tags": {
              "Name": "continuum-cloud-core-root",
              "Role": "cloud-core"
            },
            "vpc_security_group_ids": [
              "sg-0c592a8c87cca9edf"
            ]
          },
          "sensitive_attributes": [],
          "identity_schema_version": 0,
          "private": "eyJlMmJmYjczMC1lY2FhLTExZTYtOGY4OC0zNDM2M2JjN2M0YzAiOnsiY3JlYXRlIjo2MDAwMDAwMDAwMDAsImRlbGV0ZSI6MTIwMDAwMDAwMDAwMCwicmVhZCI6OTAwMDAwMDAwMDAwLCJ1cGRhdGUiOjYwMDAwMDAwMDAwMH0sInNjaGVtYV92ZXJzaW9uIjoiMSJ9",
          "dependencies": [
            "aws_security_group.cloud_core",
            "aws_security_group.edge",
            "aws_security_group.simulator",
            "aws_security_group.workers",
            "data.aws_subnet.pilot",
            "data.aws_vpc.pilot"
          ]
        },
        {
          "index_key": "edge",
          "schema_version": 1,
          "attributes": {
            "ami": "ami-081b0a6eac00b4f53",
            "arn": "arn:aws:ec2:us-east-1:617166695927:instance/i-0c343256b9cdb5029",
            "associate_public_ip_address": true,
            "availability_zone": "us-east-1a",
            "capacity_reservation_specification": [
              {
                "capacity_reservation_preference": "open",
                "capacity_reservation_target": []
              }
            ],
            "cpu_core_count": 1,
            "cpu_options": [
              {
                "amd_sev_snp": "",
                "core_count": 1,
                "threads_per_core": 2
              }
            ],
            "cpu_threads_per_core": 2,
            "credit_specification": [
              {
                "cpu_credits": "unlimited"
              }
            ],
            "disable_api_stop": false,
            "disable_api_termination": false,
            "ebs_block_device": [],
            "ebs_optimized": false,
            "enable_primary_ipv6": null,
            "enclave_options": [
              {
                "enabled": false
              }
            ],
            "ephemeral_block_device": [],
            "get_password_data": false,
            "hibernation": false,
            "host_id": "",
            "host_resource_group_arn": null,
            "iam_instance_profile": "",
            "id": "i-0c343256b9cdb5029",
            "instance_initiated_shutdown_behavior": "stop",
            "instance_lifecycle": "",
            "instance_market_options": [],
            "instance_state": "running",
            "instance_type": "t3.small",
            "ipv6_address_count": 0,
            "ipv6_addresses": [],
            "key_name": "chiave-aws-portatile",
            "launch_template": [],
            "maintenance_options": [
              {
                "auto_recovery": "default"
              }
            ],
            "metadata_options": [
              {
                "http_endpoint": "enabled",
                "http_protocol_ipv6": "disabled",
                "http_put_response_hop_limit": 2,
                "http_tokens": "required",
                "instance_metadata_tags": "disabled"
              }
            ],
            "monitoring": false,
            "network_interface": [],
            "outpost_arn": "",
            "password_data": "",
            "placement_group": "",
            "placement_partition_number": 0,
            "primary_network_interface_id": "eni-0a30c97c529ff70a3",
            "private_dns": "ip-172-31-81-76.ec2.internal",
            "private_dns_name_options": [
              {
                "enable_resource_name_dns_a_record": false,
                "enable_resource_name_dns_aaaa_record": false,
                "hostname_type": "ip-name"
              }
            ],
            "private_ip": "172.31.81.76",
            "public_dns": "ec2-34-205-33-96.compute-1.amazonaws.com",
            "public_ip": "34.205.33.96",
            "root_block_device": [
              {
                "delete_on_termination": true,
                "device_name": "/dev/xvda",
                "encrypted": true,
                "iops": 3000,
                "kms_key_id": "arn:aws:kms:us-east-1:617166695927:key/ffeaf071-2774-44f1-90c0-239218407fc6",
                "tags": {},
                "tags_all": {},
                "throughput": 125,
                "volume_id": "vol-0ae12017c52e48881",
                "volume_size": 20,
                "volume_type": "gp3"
              }
            ],
            "secondary_private_ips": [],
            "security_groups": [
              "continuum-edge-20260913162533458800000004"
            ],
            "source_dest_check": true,
            "spot_instance_request_id": "",
            "subnet_id": "subnet-02dca42218e70700e",
            "tags": {
              "Name": "continuum-edge",
              "Role": "edge"
            },
            "tags_all": {
              "ManagedBy": "Terraform",
              "Name": "continuum-edge",
              "Project": "continuum-simulator",
              "Role": "edge"
            },
            "tenancy": "default",
            "timeouts": null,
            "user_data": "97846976deb11e5733d7fc7ef51bd67d76dbf0aa",
            "user_data_base64": null,
            "user_data_replace_on_change": true,
            "volume_tags": {
              "Name": "continuum-edge-root",
              "Role": "edge"
            },
            "vpc_security_group_ids": [
              "sg-0a31a05340a609437"
            ]
          },
          "sensitive_attributes": [],
          "identity_schema_version": 0,
          "private": "eyJlMmJmYjczMC1lY2FhLTExZTYtOGY4OC0zNDM2M2JjN2M0YzAiOnsiY3JlYXRlIjo2MDAwMDAwMDAwMDAsImRlbGV0ZSI6MTIwMDAwMDAwMDAwMCwicmVhZCI6OTAwMDAwMDAwMDAwLCJ1cGRhdGUiOjYwMDAwMDAwMDAwMH0sInNjaGVtYV92ZXJzaW9uIjoiMSJ9",
          "dependencies": [
            "aws_security_group.cloud_core",
            "aws_security_group.edge",
            "aws_security_group.simulator",
            "aws_security_group.workers",
            "data.aws_subnet.pilot",
            "data.aws_vpc.pilot"
          ]
        },
        {
          "index_key": "simulator",
          "schema_version": 1,
          "attributes": {
            "ami": "ami-081b0a6eac00b4f53",
            "arn": "arn:aws:ec2:us-east-1:617166695927:instance/i-07916d022b6ec25eb",
            "associate_public_ip_address": true,
            "availability_zone": "us-east-1a",
            "capacity_reservation_specification": [
              {
                "capacity_reservation_preference": "open",
                "capacity_reservation_target": []
              }
            ],
            "cpu_core_count": 1,
            "cpu_options": [
              {
                "amd_sev_snp": "",
                "core_count": 1,
                "threads_per_core": 2
              }
            ],
            "cpu_threads_per_core": 2,
            "credit_specification": [
              {
                "cpu_credits": "unlimited"
              }
            ],
            "disable_api_stop": false,
            "disable_api_termination": false,
            "ebs_block_device": [],
            "ebs_optimized": false,
            "enable_primary_ipv6": null,
            "enclave_options": [
              {
                "enabled": false
              }
            ],
            "ephemeral_block_device": [],
            "get_password_data": false,
            "hibernation": false,
            "host_id": "",
            "host_resource_group_arn": null,
            "iam_instance_profile": "",
            "id": "i-07916d022b6ec25eb",
            "instance_initiated_shutdown_behavior": "stop",
            "instance_lifecycle": "",
            "instance_market_options": [],
            "instance_state": "running",
            "instance_type": "t3.small",
            "ipv6_address_count": 0,
            "ipv6_addresses": [],
            "key_name": "chiave-aws-portatile",
            "launch_template": [],
            "maintenance_options": [
              {
                "auto_recovery": "default"
              }
            ],
            "metadata_options": [
              {
                "http_endpoint": "enabled",
                "http_protocol_ipv6": "disabled",
                "http_put_response_hop_limit": 2,
                "http_tokens": "required",
                "instance_metadata_tags": "disabled"
              }
            ],
            "monitoring": false,
            "network_interface": [],
            "outpost_arn": "",
            "password_data": "",
            "placement_group": "",
            "placement_partition_number": 0,
            "primary_network_interface_id": "eni-00308ede72c20aee9",
            "private_dns": "ip-172-31-92-14.ec2.internal",
            "private_dns_name_options": [
              {
                "enable_resource_name_dns_a_record": false,
                "enable_resource_name_dns_aaaa_record": false,
                "hostname_type": "ip-name"
              }
            ],
            "private_ip": "172.31.92.14",
            "public_dns": "ec2-3-82-157-106.compute-1.amazonaws.com",
            "public_ip": "3.82.157.106",
            "root_block_device": [
              {
                "delete_on_termination": true,
                "device_name": "/dev/xvda",
                "encrypted": true,
                "iops": 3000,
                "kms_key_id": "arn:aws:kms:us-east-1:617166695927:key/ffeaf071-2774-44f1-90c0-239218407fc6",
                "tags": {},
                "tags_all": {},
                "throughput": 125,
                "volume_id": "vol-0130e8670a6870a8b",
                "volume_size": 20,
                "volume_type": "gp3"
              }
            ],
            "secondary_private_ips": [],
            "security_groups": [
              "continuum-simulator-20260913162533459000000005"
            ],
            "source_dest_check": true,
            "spot_instance_request_id": "",
            "subnet_id": "subnet-02dca42218e70700e",
            "tags": {
              "Name": "continuum-simulator",
              "Role": "simulator"
            },
            "tags_all": {
              "ManagedBy": "Terraform",
              "Name": "continuum-simulator",
              "Project": "continuum-simulator",
              "Role": "simulator"
            },
            "tenancy": "default",
            "timeouts": null,
            "user_data": "97846976deb11e5733d7fc7ef51bd67d76dbf0aa",
            "user_data_base64": null,
            "user_data_replace_on_change": true,
            "volume_tags": {
              "Name": "continuum-simulator-root",
              "Role": "simulator"
            },
            "vpc_security_group_ids": [
              "sg-04378fea2338a7815"
            ]
          },
          "sensitive_attributes": [],
          "identity_schema_version": 0,
          "private": "eyJlMmJmYjczMC1lY2FhLTExZTYtOGY4OC0zNDM2M2JjN2M0YzAiOnsiY3JlYXRlIjo2MDAwMDAwMDAwMDAsImRlbGV0ZSI6MTIwMDAwMDAwMDAwMCwicmVhZCI6OTAwMDAwMDAwMDAwLCJ1cGRhdGUiOjYwMDAwMDAwMDAwMH0sInNjaGVtYV92ZXJzaW9uIjoiMSJ9",
          "dependencies": [
            "aws_security_group.cloud_core",
            "aws_security_group.edge",
            "aws_security_group.simulator",
            "aws_security_group.workers",
            "data.aws_subnet.pilot",
            "data.aws_vpc.pilot"
          ]
        },
        {
          "index_key": "workers",
          "schema_version": 1,
          "attributes": {
            "ami": "ami-081b0a6eac00b4f53",
            "arn": "arn:aws:ec2:us-east-1:617166695927:instance/i-0108fda33ccbed9e8",
            "associate_public_ip_address": true,
            "availability_zone": "us-east-1a",
            "capacity_reservation_specification": [
              {
                "capacity_reservation_preference": "open",
                "capacity_reservation_target": []
              }
            ],
            "cpu_core_count": 1,
            "cpu_options": [
              {
                "amd_sev_snp": "",
                "core_count": 1,
                "threads_per_core": 2
              }
            ],
            "cpu_threads_per_core": 2,
            "credit_specification": [
              {
                "cpu_credits": "unlimited"
              }
            ],
            "disable_api_stop": false,
            "disable_api_termination": false,
            "ebs_block_device": [],
            "ebs_optimized": false,
            "enable_primary_ipv6": null,
            "enclave_options": [
              {
                "enabled": false
              }
            ],
            "ephemeral_block_device": [],
            "get_password_data": false,
            "hibernation": false,
            "host_id": "",
            "host_resource_group_arn": null,
            "iam_instance_profile": "",
            "id": "i-0108fda33ccbed9e8",
            "instance_initiated_shutdown_behavior": "stop",
            "instance_lifecycle": "",
            "instance_market_options": [],
            "instance_state": "running",
            "instance_type": "t3.small",
            "ipv6_address_count": 0,
            "ipv6_addresses": [],
            "key_name": "chiave-aws-portatile",
            "launch_template": [],
            "maintenance_options": [
              {
                "auto_recovery": "default"
              }
            ],
            "metadata_options": [
              {
                "http_endpoint": "enabled",
                "http_protocol_ipv6": "disabled",
                "http_put_response_hop_limit": 2,
                "http_tokens": "required",
                "instance_metadata_tags": "disabled"
              }
            ],
            "monitoring": false,
            "network_interface": [],
            "outpost_arn": "",
            "password_data": "",
            "placement_group": "",
            "placement_partition_number": 0,
            "primary_network_interface_id": "eni-006dc1299384d770e",
            "private_dns": "ip-172-31-94-222.ec2.internal",
            "private_dns_name_options": [
              {
                "enable_resource_name_dns_a_record": false,
                "enable_resource_name_dns_aaaa_record": false,
                "hostname_type": "ip-name"
              }
            ],
            "private_ip": "172.31.94.222",
            "public_dns": "ec2-3-88-19-11.compute-1.amazonaws.com",
            "public_ip": "3.88.19.11",
            "root_block_device": [
              {
                "delete_on_termination": true,
                "device_name": "/dev/xvda",
                "encrypted": true,
                "iops": 3000,
                "kms_key_id": "arn:aws:kms:us-east-1:617166695927:key/ffeaf071-2774-44f1-90c0-239218407fc6",
                "tags": {},
                "tags_all": {},
                "throughput": 125,
                "volume_id": "vol-043fa5b9391634641",
                "volume_size": 20,
                "volume_type": "gp3"
              }
            ],
            "secondary_private_ips": [],
            "security_groups": [
              "continuum-workers-20260913162533458600000002"
            ],
            "source_dest_check": true,
            "spot_instance_request_id": "",
            "subnet_id": "subnet-02dca42218e70700e",
            "tags": {
              "Name": "continuum-workers",
              "Role": "workers"
            },
            "tags_all": {
              "ManagedBy": "Terraform",
              "Name": "continuum-workers",
              "Project": "continuum-simulator",
              "Role": "workers"
            },
            "tenancy": "default",
            "timeouts": null,
            "user_data": "97846976deb11e5733d7fc7ef51bd67d76dbf0aa",
            "user_data_base64": null,
            "user_data_replace_on_change": true,
            "volume_tags": {
              "Name": "continuum-workers-root",
              "Role": "workers"
            },
            "vpc_security_group_ids": [
              "sg-0fa38b4862615a63b"
            ]
          },
          "sensitive_attributes": [],
          "identity_schema_version": 0,
          "private": "eyJlMmJmYjczMC1lY2FhLTExZTYtOGY4OC0zNDM2M2JjN2M0YzAiOnsiY3JlYXRlIjo2MDAwMDAwMDAwMDAsImRlbGV0ZSI6MTIwMDAwMDAwMDAwMCwicmVhZCI6OTAwMDAwMDAwMDAwLCJ1cGRhdGUiOjYwMDAwMDAwMDAwMH0sInNjaGVtYV92ZXJzaW9uIjoiMSJ9",
          "dependencies": [
            "aws_security_group.cloud_core",
            "aws_security_group.edge",
            "aws_security_group.simulator",
            "aws_security_group.workers",
            "data.aws_subnet.pilot",
            "data.aws_vpc.pilot"
          ]
        }
      ]
    },
    {
      "mode": "managed",
      "type": "aws_security_group",
      "name": "cloud_core",
      "provider": "provider[\"registry.terraform.io/hashicorp/aws\"]",
      "instances": [
        {
          "schema_version": 1,
          "attributes": {
            "arn": "arn:aws:ec2:us-east-1:617166695927:security-group/sg-0c592a8c87cca9edf",
            "description": "Security group for the continuum Cloud Core host",
            "egress": [
              {
                "cidr_blocks": [
                  "0.0.0.0/0"
                ],
                "description": "Outbound access for bootstrap, image downloads and application traffic",
                "from_port": 0,
                "ipv6_cidr_blocks": [],
                "prefix_list_ids": [],
                "protocol": "-1",
                "security_groups": [],
                "self": false,
                "to_port": 0
              }
            ],
            "id": "sg-0c592a8c87cca9edf",
            "ingress": [
              {
                "cidr_blocks": [
                  "79.40.217.238/32"
                ],
                "description": "SSH administration from the configured administrator CIDR",
                "from_port": 22,
                "ipv6_cidr_blocks": [],
                "prefix_list_ids": [],
                "protocol": "tcp",
                "security_groups": [],
                "self": false,
                "to_port": 22
              },
              {
                "cidr_blocks": [],
                "description": "Kafka traffic from Edge to Cloud Core",
                "from_port": 9092,
                "ipv6_cidr_blocks": [],
                "prefix_list_ids": [],
                "protocol": "tcp",
                "security_groups": [
                  "sg-0a31a05340a609437"
                ],
                "self": false,
                "to_port": 9092
              },
              {
                "cidr_blocks": [],
                "description": "Kafka traffic from Workers to Cloud Core",
                "from_port": 9092,
                "ipv6_cidr_blocks": [],
                "prefix_list_ids": [],
                "protocol": "tcp",
                "security_groups": [
                  "sg-0fa38b4862615a63b"
                ],
                "self": false,
                "to_port": 9092
              }
            ],
            "name": "continuum-cloud-core-20260913162533458700000003",
            "name_prefix": "continuum-cloud-core-",
            "owner_id": "617166695927",
            "revoke_rules_on_delete": false,
            "tags": {
              "Name": "continuum-cloud-core",
              "Role": "cloud-core"
            },
            "tags_all": {
              "ManagedBy": "Terraform",
              "Name": "continuum-cloud-core",
              "Project": "continuum-simulator",
              "Role": "cloud-core"
            },
            "timeouts": null,
            "vpc_id": "vpc-0f3d41f537e57647b"
          },
          "sensitive_attributes": [],
          "identity_schema_version": 0,
          "private": "eyJlMmJmYjczMC1lY2FhLTExZTYtOGY4OC0zNDM2M2JjN2M0YzAiOnsiY3JlYXRlIjo2MDAwMDAwMDAwMDAsImRlbGV0ZSI6OTAwMDAwMDAwMDAwfSwic2NoZW1hX3ZlcnNpb24iOiIxIn0=",
          "dependencies": [
            "data.aws_vpc.pilot"
          ],
          "create_before_destroy": true
        }
      ]
    },
    {
      "mode": "managed",
      "type": "aws_security_group",
      "name": "edge",
      "provider": "provider[\"registry.terraform.io/hashicorp/aws\"]",
      "instances": [
        {
          "schema_version": 1,
          "attributes": {
            "arn": "arn:aws:ec2:us-east-1:617166695927:security-group/sg-0a31a05340a609437",
            "description": "Security group for the continuum Edge host",
            "egress": [
              {
                "cidr_blocks": [
                  "0.0.0.0/0"
                ],
                "description": "Outbound access for bootstrap, image downloads and application traffic",
                "from_port": 0,
                "ipv6_cidr_blocks": [],
                "prefix_list_ids": [],
                "protocol": "-1",
                "security_groups": [],
                "self": false,
                "to_port": 0
              }
            ],
            "id": "sg-0a31a05340a609437",
            "ingress": [
              {
                "cidr_blocks": [
                  "79.40.217.238/32"
                ],
                "description": "SSH administration from the configured administrator CIDR",
                "from_port": 22,
                "ipv6_cidr_blocks": [],
                "prefix_list_ids": [],
                "protocol": "tcp",
                "security_groups": [],
                "self": false,
                "to_port": 22
              },
              {
                "cidr_blocks": [],
                "description": "MQTT telemetry and replay control from Simulator to Edge",
                "from_port": 18830,
                "ipv6_cidr_blocks": [],
                "prefix_list_ids": [],
                "protocol": "tcp",
                "security_groups": [
                  "sg-04378fea2338a7815"
                ],
                "self": false,
                "to_port": 18842
              }
            ],
            "name": "continuum-edge-20260913162533458800000004",
            "name_prefix": "continuum-edge-",
            "owner_id": "617166695927",
            "revoke_rules_on_delete": false,
            "tags": {
              "Name": "continuum-edge",
              "Role": "edge"
            },
            "tags_all": {
              "ManagedBy": "Terraform",
              "Name": "continuum-edge",
              "Project": "continuum-simulator",
              "Role": "edge"
            },
            "timeouts": null,
            "vpc_id": "vpc-0f3d41f537e57647b"
          },
          "sensitive_attributes": [],
          "identity_schema_version": 0,
          "private": "eyJlMmJmYjczMC1lY2FhLTExZTYtOGY4OC0zNDM2M2JjN2M0YzAiOnsiY3JlYXRlIjo2MDAwMDAwMDAwMDAsImRlbGV0ZSI6OTAwMDAwMDAwMDAwfSwic2NoZW1hX3ZlcnNpb24iOiIxIn0=",
          "dependencies": [
            "data.aws_vpc.pilot"
          ],
          "create_before_destroy": true
        }
      ]
    },
    {
      "mode": "managed",
      "type": "aws_security_group",
      "name": "rds",
      "provider": "provider[\"registry.terraform.io/hashicorp/aws\"]",
      "instances": [
        {
          "schema_version": 1,
          "attributes": {
            "arn": "arn:aws:ec2:us-east-1:617166695927:security-group/sg-075fe5fbe3c77c256",
            "description": "Private PostgreSQL access from cloud-core only",
            "egress": [],
            "id": "sg-075fe5fbe3c77c256",
            "ingress": [
              {
                "cidr_blocks": [],
                "description": "",
                "from_port": 5432,
                "ipv6_cidr_blocks": [],
                "prefix_list_ids": [],
                "protocol": "tcp",
                "security_groups": [
                  "sg-0c592a8c87cca9edf"
                ],
                "self": false,
                "to_port": 5432
              }
            ],
            "name": "continuum-rds-20260913162533459100000006",
            "name_prefix": "continuum-rds-",
            "owner_id": "617166695927",
            "revoke_rules_on_delete": false,
            "tags": {},
            "tags_all": {
              "ManagedBy": "Terraform",
              "Project": "continuum-simulator"
            },
            "timeouts": null,
            "vpc_id": "vpc-0f3d41f537e57647b"
          },
          "sensitive_attributes": [],
          "identity_schema_version": 0,
          "private": "eyJlMmJmYjczMC1lY2FhLTExZTYtOGY4OC0zNDM2M2JjN2M0YzAiOnsiY3JlYXRlIjo2MDAwMDAwMDAwMDAsImRlbGV0ZSI6OTAwMDAwMDAwMDAwfSwic2NoZW1hX3ZlcnNpb24iOiIxIn0=",
          "dependencies": [
            "data.aws_vpc.pilot"
          ]
        }
      ]
    },
    {
      "mode": "managed",
      "type": "aws_security_group",
      "name": "simulator",
      "provider": "provider[\"registry.terraform.io/hashicorp/aws\"]",
      "instances": [
        {
          "schema_version": 1,
          "attributes": {
            "arn": "arn:aws:ec2:us-east-1:617166695927:security-group/sg-04378fea2338a7815",
            "description": "Security group for the continuum Simulator host",
            "egress": [
              {
                "cidr_blocks": [
                  "0.0.0.0/0"
                ],
                "description": "Outbound access for bootstrap, image downloads and application traffic",
                "from_port": 0,
                "ipv6_cidr_blocks": [],
                "prefix_list_ids": [],
                "protocol": "-1",
                "security_groups": [],
                "self": false,
                "to_port": 0
              }
            ],
            "id": "sg-04378fea2338a7815",
            "ingress": [
              {
                "cidr_blocks": [
                  "79.40.217.238/32"
                ],
                "description": "SSH administration from the configured administrator CIDR",
                "from_port": 22,
                "ipv6_cidr_blocks": [],
                "prefix_list_ids": [],
                "protocol": "tcp",
                "security_groups": [],
                "self": false,
                "to_port": 22
              }
            ],
            "name": "continuum-simulator-20260913162533459000000005",
            "name_prefix": "continuum-simulator-",
            "owner_id": "617166695927",
            "revoke_rules_on_delete": false,
            "tags": {
              "Name": "continuum-simulator",
              "Role": "simulator"
            },
            "tags_all": {
              "ManagedBy": "Terraform",
              "Name": "continuum-simulator",
              "Project": "continuum-simulator",
              "Role": "simulator"
            },
            "timeouts": null,
            "vpc_id": "vpc-0f3d41f537e57647b"
          },
          "sensitive_attributes": [],
          "identity_schema_version": 0,
          "private": "eyJlMmJmYjczMC1lY2FhLTExZTYtOGY4OC0zNDM2M2JjN2M0YzAiOnsiY3JlYXRlIjo2MDAwMDAwMDAwMDAsImRlbGV0ZSI6OTAwMDAwMDAwMDAwfSwic2NoZW1hX3ZlcnNpb24iOiIxIn0=",
          "dependencies": [
            "data.aws_vpc.pilot"
          ],
          "create_before_destroy": true
        }
      ]
    },
    {
      "mode": "managed",
      "type": "aws_security_group",
      "name": "workers",
      "provider": "provider[\"registry.terraform.io/hashicorp/aws\"]",
      "instances": [
        {
          "schema_version": 1,
          "attributes": {
            "arn": "arn:aws:ec2:us-east-1:617166695927:security-group/sg-0fa38b4862615a63b",
            "description": "Security group for the continuum Worker host",
            "egress": [
              {
                "cidr_blocks": [
                  "0.0.0.0/0"
                ],
                "description": "Outbound access for bootstrap, image downloads and application traffic",
                "from_port": 0,
                "ipv6_cidr_blocks": [],
                "prefix_list_ids": [],
                "protocol": "-1",
                "security_groups": [],
                "self": false,
                "to_port": 0
              }
            ],
            "id": "sg-0fa38b4862615a63b",
            "ingress": [
              {
                "cidr_blocks": [
                  "79.40.217.238/32"
                ],
                "description": "SSH administration from the configured administrator CIDR",
                "from_port": 22,
                "ipv6_cidr_blocks": [],
                "prefix_list_ids": [],
                "protocol": "tcp",
                "security_groups": [],
                "self": false,
                "to_port": 22
              }
            ],
            "name": "continuum-workers-20260913162533458600000002",
            "name_prefix": "continuum-workers-",
            "owner_id": "617166695927",
            "revoke_rules_on_delete": false,
            "tags": {
              "Name": "continuum-workers",
              "Role": "workers"
            },
            "tags_all": {
              "ManagedBy": "Terraform",
              "Name": "continuum-workers",
              "Project": "continuum-simulator",
              "Role": "workers"
            },
            "timeouts": null,
            "vpc_id": "vpc-0f3d41f537e57647b"
          },
          "sensitive_attributes": [],
          "identity_schema_version": 0,
          "private": "eyJlMmJmYjczMC1lY2FhLTExZTYtOGY4OC0zNDM2M2JjN2M0YzAiOnsiY3JlYXRlIjo2MDAwMDAwMDAwMDAsImRlbGV0ZSI6OTAwMDAwMDAwMDAwfSwic2NoZW1hX3ZlcnNpb24iOiIxIn0=",
          "dependencies": [
            "data.aws_vpc.pilot"
          ],
          "create_before_destroy": true
        }
      ]
    },
    {
      "mode": "managed",
      "type": "aws_vpc_security_group_egress_rule",
      "name": "all_outbound",
      "provider": "provider[\"registry.terraform.io/hashicorp/aws\"]",
      "instances": [
        {
          "index_key": "cloud-core",
          "schema_version": 0,
          "attributes": {
            "arn": "arn:aws:ec2:us-east-1:617166695927:security-group-rule/sgr-0b282277dd492eae8",
            "cidr_ipv4": "0.0.0.0/0",
            "cidr_ipv6": null,
            "description": "Outbound access for bootstrap, image downloads and application traffic",
            "from_port": null,
            "id": "sgr-0b282277dd492eae8",
            "ip_protocol": "-1",
            "prefix_list_id": null,
            "referenced_security_group_id": null,
            "security_group_id": "sg-0c592a8c87cca9edf",
            "security_group_rule_id": "sgr-0b282277dd492eae8",
            "tags": {
              "Name": "cloud-core-all-outbound",
              "Role": "cloud-core"
            },
            "tags_all": {
              "ManagedBy": "Terraform",
              "Name": "cloud-core-all-outbound",
              "Project": "continuum-simulator",
              "Role": "cloud-core"
            },
            "to_port": null
          },
          "sensitive_attributes": [],
          "identity_schema_version": 0,
          "dependencies": [
            "aws_security_group.cloud_core",
            "aws_security_group.edge",
            "aws_security_group.simulator",
            "aws_security_group.workers",
            "data.aws_vpc.pilot"
          ]
        },
        {
          "index_key": "edge",
          "schema_version": 0,
          "attributes": {
            "arn": "arn:aws:ec2:us-east-1:617166695927:security-group-rule/sgr-055deb7c9be5ba246",
            "cidr_ipv4": "0.0.0.0/0",
            "cidr_ipv6": null,
            "description": "Outbound access for bootstrap, image downloads and application traffic",
            "from_port": null,
            "id": "sgr-055deb7c9be5ba246",
            "ip_protocol": "-1",
            "prefix_list_id": null,
            "referenced_security_group_id": null,
            "security_group_id": "sg-0a31a05340a609437",
            "security_group_rule_id": "sgr-055deb7c9be5ba246",
            "tags": {
              "Name": "edge-all-outbound",
              "Role": "edge"
            },
            "tags_all": {
              "ManagedBy": "Terraform",
              "Name": "edge-all-outbound",
              "Project": "continuum-simulator",
              "Role": "edge"
            },
            "to_port": null
          },
          "sensitive_attributes": [],
          "identity_schema_version": 0,
          "dependencies": [
            "aws_security_group.cloud_core",
            "aws_security_group.edge",
            "aws_security_group.simulator",
            "aws_security_group.workers",
            "data.aws_vpc.pilot"
          ]
        },
        {
          "index_key": "simulator",
          "schema_version": 0,
          "attributes": {
            "arn": "arn:aws:ec2:us-east-1:617166695927:security-group-rule/sgr-0e8838abb986c3e25",
            "cidr_ipv4": "0.0.0.0/0",
            "cidr_ipv6": null,
            "description": "Outbound access for bootstrap, image downloads and application traffic",
            "from_port": null,
            "id": "sgr-0e8838abb986c3e25",
            "ip_protocol": "-1",
            "prefix_list_id": null,
            "referenced_security_group_id": null,
            "security_group_id": "sg-04378fea2338a7815",
            "security_group_rule_id": "sgr-0e8838abb986c3e25",
            "tags": {
              "Name": "simulator-all-outbound",
              "Role": "simulator"
            },
            "tags_all": {
              "ManagedBy": "Terraform",
              "Name": "simulator-all-outbound",
              "Project": "continuum-simulator",
              "Role": "simulator"
            },
            "to_port": null
          },
          "sensitive_attributes": [],
          "identity_schema_version": 0,
          "dependencies": [
            "aws_security_group.cloud_core",
            "aws_security_group.edge",
            "aws_security_group.simulator",
            "aws_security_group.workers",
            "data.aws_vpc.pilot"
          ]
        },
        {
          "index_key": "workers",
          "schema_version": 0,
          "attributes": {
            "arn": "arn:aws:ec2:us-east-1:617166695927:security-group-rule/sgr-0de7d9070183dc385",
            "cidr_ipv4": "0.0.0.0/0",
            "cidr_ipv6": null,
            "description": "Outbound access for bootstrap, image downloads and application traffic",
            "from_port": null,
            "id": "sgr-0de7d9070183dc385",
            "ip_protocol": "-1",
            "prefix_list_id": null,
            "referenced_security_group_id": null,
            "security_group_id": "sg-0fa38b4862615a63b",
            "security_group_rule_id": "sgr-0de7d9070183dc385",
            "tags": {
              "Name": "workers-all-outbound",
              "Role": "workers"
            },
            "tags_all": {
              "ManagedBy": "Terraform",
              "Name": "workers-all-outbound",
              "Project": "continuum-simulator",
              "Role": "workers"
            },
            "to_port": null
          },
          "sensitive_attributes": [],
          "identity_schema_version": 0,
          "dependencies": [
            "aws_security_group.cloud_core",
            "aws_security_group.edge",
            "aws_security_group.simulator",
            "aws_security_group.workers",
            "data.aws_vpc.pilot"
          ]
        }
      ]
    },
    {
      "mode": "managed",
      "type": "aws_vpc_security_group_ingress_rule",
      "name": "edge_to_cloud_core_kafka",
      "provider": "provider[\"registry.terraform.io/hashicorp/aws\"]",
      "instances": [
        {
          "schema_version": 0,
          "attributes": {
            "arn": "arn:aws:ec2:us-east-1:617166695927:security-group-rule/sgr-0e088e71ca05fd0ea",
            "cidr_ipv4": null,
            "cidr_ipv6": null,
            "description": "Kafka traffic from Edge to Cloud Core",
            "from_port": 9092,
            "id": "sgr-0e088e71ca05fd0ea",
            "ip_protocol": "tcp",
            "prefix_list_id": null,
            "referenced_security_group_id": "sg-0a31a05340a609437",
            "security_group_id": "sg-0c592a8c87cca9edf",
            "security_group_rule_id": "sgr-0e088e71ca05fd0ea",
            "tags": {
              "Name": "edge-to-cloud-core-kafka",
              "Role": "cloud-core"
            },
            "tags_all": {
              "ManagedBy": "Terraform",
              "Name": "edge-to-cloud-core-kafka",
              "Project": "continuum-simulator",
              "Role": "cloud-core"
            },
            "to_port": 9092
          },
          "sensitive_attributes": [],
          "identity_schema_version": 0,
          "dependencies": [
            "aws_security_group.cloud_core",
            "aws_security_group.edge",
            "data.aws_vpc.pilot"
          ]
        }
      ]
    },
    {
      "mode": "managed",
      "type": "aws_vpc_security_group_ingress_rule",
      "name": "rds_cloud_core",
      "provider": "provider[\"registry.terraform.io/hashicorp/aws\"]",
      "instances": [
        {
          "schema_version": 0,
          "attributes": {
            "arn": "arn:aws:ec2:us-east-1:617166695927:security-group-rule/sgr-0221fa976c54a3253",
            "cidr_ipv4": null,
            "cidr_ipv6": null,
            "description": null,
            "from_port": 5432,
            "id": "sgr-0221fa976c54a3253",
            "ip_protocol": "tcp",
            "prefix_list_id": null,
            "referenced_security_group_id": "sg-0c592a8c87cca9edf",
            "security_group_id": "sg-075fe5fbe3c77c256",
            "security_group_rule_id": "sgr-0221fa976c54a3253",
            "tags": null,
            "tags_all": {
              "ManagedBy": "Terraform",
              "Project": "continuum-simulator"
            },
            "to_port": 5432
          },
          "sensitive_attributes": [],
          "identity_schema_version": 0,
          "dependencies": [
            "aws_security_group.cloud_core",
            "aws_security_group.rds",
            "data.aws_vpc.pilot"
          ]
        }
      ]
    },
    {
      "mode": "managed",
      "type": "aws_vpc_security_group_ingress_rule",
      "name": "simulator_to_edge_mqtt",
      "provider": "provider[\"registry.terraform.io/hashicorp/aws\"]",
      "instances": [
        {
          "schema_version": 0,
          "attributes": {
            "arn": "arn:aws:ec2:us-east-1:617166695927:security-group-rule/sgr-0b5ef62a403dbc0ef",
            "cidr_ipv4": null,
            "cidr_ipv6": null,
            "description": "MQTT telemetry and replay control from Simulator to Edge",
            "from_port": 18830,
            "id": "sgr-0b5ef62a403dbc0ef",
            "ip_protocol": "tcp",
            "prefix_list_id": null,
            "referenced_security_group_id": "sg-04378fea2338a7815",
            "security_group_id": "sg-0a31a05340a609437",
            "security_group_rule_id": "sgr-0b5ef62a403dbc0ef",
            "tags": {
              "Name": "simulator-to-edge-mqtt",
              "Role": "edge"
            },
            "tags_all": {
              "ManagedBy": "Terraform",
              "Name": "simulator-to-edge-mqtt",
              "Project": "continuum-simulator",
              "Role": "edge"
            },
            "to_port": 18842
          },
          "sensitive_attributes": [],
          "identity_schema_version": 0,
          "dependencies": [
            "aws_security_group.edge",
            "aws_security_group.simulator",
            "data.aws_vpc.pilot"
          ]
        }
      ]
    },
    {
      "mode": "managed",
      "type": "aws_vpc_security_group_ingress_rule",
      "name": "ssh",
      "provider": "provider[\"registry.terraform.io/hashicorp/aws\"]",
      "instances": [
        {
          "index_key": "cloud-core",
          "schema_version": 0,
          "attributes": {
            "arn": "arn:aws:ec2:us-east-1:617166695927:security-group-rule/sgr-05833ce3c407eab7b",
            "cidr_ipv4": "79.40.217.238/32",
            "cidr_ipv6": null,
            "description": "SSH administration from the configured administrator CIDR",
            "from_port": 22,
            "id": "sgr-05833ce3c407eab7b",
            "ip_protocol": "tcp",
            "prefix_list_id": null,
            "referenced_security_group_id": null,
            "security_group_id": "sg-0c592a8c87cca9edf",
            "security_group_rule_id": "sgr-05833ce3c407eab7b",
            "tags": {
              "Name": "cloud-core-ssh-admin",
              "Role": "cloud-core"
            },
            "tags_all": {
              "ManagedBy": "Terraform",
              "Name": "cloud-core-ssh-admin",
              "Project": "continuum-simulator",
              "Role": "cloud-core"
            },
            "to_port": 22
          },
          "sensitive_attributes": [],
          "identity_schema_version": 0,
          "dependencies": [
            "aws_security_group.cloud_core",
            "aws_security_group.edge",
            "aws_security_group.simulator",
            "aws_security_group.workers",
            "data.aws_vpc.pilot"
          ]
        },
        {
          "index_key": "edge",
          "schema_version": 0,
          "attributes": {
            "arn": "arn:aws:ec2:us-east-1:617166695927:security-group-rule/sgr-06875d80b537587c9",
            "cidr_ipv4": "79.40.217.238/32",
            "cidr_ipv6": null,
            "description": "SSH administration from the configured administrator CIDR",
            "from_port": 22,
            "id": "sgr-06875d80b537587c9",
            "ip_protocol": "tcp",
            "prefix_list_id": null,
            "referenced_security_group_id": null,
            "security_group_id": "sg-0a31a05340a609437",
            "security_group_rule_id": "sgr-06875d80b537587c9",
            "tags": {
              "Name": "edge-ssh-admin",
              "Role": "edge"
            },
            "tags_all": {
              "ManagedBy": "Terraform",
              "Name": "edge-ssh-admin",
              "Project": "continuum-simulator",
              "Role": "edge"
            },
            "to_port": 22
          },
          "sensitive_attributes": [],
          "identity_schema_version": 0,
          "dependencies": [
            "aws_security_group.cloud_core",
            "aws_security_group.edge",
            "aws_security_group.simulator",
            "aws_security_group.workers",
            "data.aws_vpc.pilot"
          ]
        },
        {
          "index_key": "simulator",
          "schema_version": 0,
          "attributes": {
            "arn": "arn:aws:ec2:us-east-1:617166695927:security-group-rule/sgr-02ae664941b10d18b",
            "cidr_ipv4": "79.40.217.238/32",
            "cidr_ipv6": null,
            "description": "SSH administration from the configured administrator CIDR",
            "from_port": 22,
            "id": "sgr-02ae664941b10d18b",
            "ip_protocol": "tcp",
            "prefix_list_id": null,
            "referenced_security_group_id": null,
            "security_group_id": "sg-04378fea2338a7815",
            "security_group_rule_id": "sgr-02ae664941b10d18b",
            "tags": {
              "Name": "simulator-ssh-admin",
              "Role": "simulator"
            },
            "tags_all": {
              "ManagedBy": "Terraform",
              "Name": "simulator-ssh-admin",
              "Project": "continuum-simulator",
              "Role": "simulator"
            },
            "to_port": 22
          },
          "sensitive_attributes": [],
          "identity_schema_version": 0,
          "dependencies": [
            "aws_security_group.cloud_core",
            "aws_security_group.edge",
            "aws_security_group.simulator",
            "aws_security_group.workers",
            "data.aws_vpc.pilot"
          ]
        },
        {
          "index_key": "workers",
          "schema_version": 0,
          "attributes": {
            "arn": "arn:aws:ec2:us-east-1:617166695927:security-group-rule/sgr-0c46d791fa4b8d79b",
            "cidr_ipv4": "79.40.217.238/32",
            "cidr_ipv6": null,
            "description": "SSH administration from the configured administrator CIDR",
            "from_port": 22,
            "id": "sgr-0c46d791fa4b8d79b",
            "ip_protocol": "tcp",
            "prefix_list_id": null,
            "referenced_security_group_id": null,
            "security_group_id": "sg-0fa38b4862615a63b",
            "security_group_rule_id": "sgr-0c46d791fa4b8d79b",
            "tags": {
              "Name": "workers-ssh-admin",
              "Role": "workers"
            },
            "tags_all": {
              "ManagedBy": "Terraform",
              "Name": "workers-ssh-admin",
              "Project": "continuum-simulator",
              "Role": "workers"
            },
            "to_port": 22
          },
          "sensitive_attributes": [],
          "identity_schema_version": 0,
          "dependencies": [
            "aws_security_group.cloud_core",
            "aws_security_group.edge",
            "aws_security_group.simulator",
            "aws_security_group.workers",
            "data.aws_vpc.pilot"
          ]
        }
      ]
    },
    {
      "mode": "managed",
      "type": "aws_vpc_security_group_ingress_rule",
      "name": "workers_to_cloud_core_kafka",
      "provider": "provider[\"registry.terraform.io/hashicorp/aws\"]",
      "instances": [
        {
          "schema_version": 0,
          "attributes": {
            "arn": "arn:aws:ec2:us-east-1:617166695927:security-group-rule/sgr-05ede4b29dfeface2",
            "cidr_ipv4": null,
            "cidr_ipv6": null,
            "description": "Kafka traffic from Workers to Cloud Core",
            "from_port": 9092,
            "id": "sgr-05ede4b29dfeface2",
            "ip_protocol": "tcp",
            "prefix_list_id": null,
            "referenced_security_group_id": "sg-0fa38b4862615a63b",
            "security_group_id": "sg-0c592a8c87cca9edf",
            "security_group_rule_id": "sgr-05ede4b29dfeface2",
            "tags": {
              "Name": "workers-to-cloud-core-kafka",
              "Role": "cloud-core"
            },
            "tags_all": {
              "ManagedBy": "Terraform",
              "Name": "workers-to-cloud-core-kafka",
              "Project": "continuum-simulator",
              "Role": "cloud-core"
            },
            "to_port": 9092
          },
          "sensitive_attributes": [],
          "identity_schema_version": 0,
          "dependencies": [
            "aws_security_group.cloud_core",
            "aws_security_group.workers",
            "data.aws_vpc.pilot"
          ]
        }
      ]
    }
  ],
  "check_results": [
    {
      "object_kind": "resource",
      "config_addr": "aws_instance.role",
      "status": "pass",
      "objects": [
        {
          "object_addr": "aws_instance.role[\"cloud-core\"]",
          "status": "pass"
        },
        {
          "object_addr": "aws_instance.role[\"edge\"]",
          "status": "pass"
        },
        {
          "object_addr": "aws_instance.role[\"simulator\"]",
          "status": "pass"
        },
        {
          "object_addr": "aws_instance.role[\"workers\"]",
          "status": "pass"
        }
      ]
    },
    {
      "object_kind": "var",
      "config_addr": "var.root_volume_size_gb",
      "status": "pass",
      "objects": [
        {
          "object_addr": "var.root_volume_size_gb",
          "status": "pass"
        }
      ]
    },
    {
      "object_kind": "var",
      "config_addr": "var.rds_password",
      "status": "pass",
      "objects": [
        {
          "object_addr": "var.rds_password",
          "status": "pass"
        }
      ]
    },
    {
      "object_kind": "var",
      "config_addr": "var.subnet_id",
      "status": "pass",
      "objects": [
        {
          "object_addr": "var.subnet_id",
          "status": "pass"
        }
      ]
    },
    {
      "object_kind": "var",
      "config_addr": "var.ami_id",
      "status": "pass",
      "objects": [
        {
          "object_addr": "var.ami_id",
          "status": "pass"
        }
      ]
    },
    {
      "object_kind": "var",
      "config_addr": "var.rds_instance_class",
      "status": "pass",
      "objects": [
        {
          "object_addr": "var.rds_instance_class",
          "status": "pass"
        }
      ]
    },
    {
      "object_kind": "var",
      "config_addr": "var.admin_cidr",
      "status": "pass",
      "objects": [
        {
          "object_addr": "var.admin_cidr",
          "status": "pass"
        }
      ]
    },
    {
      "object_kind": "resource",
      "config_addr": "aws_db_subnet_group.global",
      "status": "pass",
      "objects": [
        {
          "object_addr": "aws_db_subnet_group.global",
          "status": "pass"
        }
      ]
    },
    {
      "object_kind": "var",
      "config_addr": "var.vpc_id",
      "status": "pass",
      "objects": [
        {
          "object_addr": "var.vpc_id",
          "status": "pass"
        }
      ]
    },
    {
      "object_kind": "var",
      "config_addr": "var.rds_username",
      "status": "pass",
      "objects": [
        {
          "object_addr": "var.rds_username",
          "status": "pass"
        }
      ]
    },
    {
      "object_kind": "var",
      "config_addr": "var.rds_database_name",
      "status": "pass",
      "objects": [
        {
          "object_addr": "var.rds_database_name",
          "status": "pass"
        }
      ]
    },
    {
      "object_kind": "var",
      "config_addr": "var.key_name",
      "status": "pass",
      "objects": [
        {
          "object_addr": "var.key_name",
          "status": "pass"
        }
      ]
    }
  ]
}
